
Microsoft Visual Studio Solution File, Format Version 12.00
# Visual Studio Version 17
VisualStudioVersion = 17.14.36429.23 d17.14
MinimumVisualStudioVersion = 10.0.40219.1
Project("{FAE04EC0-301F-11D3-BF4B-00C04F79EFBC}") = "calc", "calc\calc.csproj", "{1430EC3C-43EA-4773-9A4F-34C64ECC2DDA}"
EndProject
Global
	GlobalSection(SolutionConfigurationPlatforms) = preSolution
		Debug|Any CPU = Debug|Any CPU
		Release|Any CPU = Release|Any CPU
	EndGlobalSection
	GlobalSection(ProjectConfigurationPlatforms) = postSolution
		{1430EC3C-43EA-4773-9A4F-34C64ECC2DDA}.Debug|Any CPU.ActiveCfg = Debug|Any CPU
		{1430EC3C-43EA-4773-9A4F-34C64ECC2DDA}.Debug|Any CPU.Build.0 = Debug|Any CPU
		{1430EC3C-43EA-4773-9A4F-34C64ECC2DDA}.Release|Any CPU.ActiveCfg = Release|Any CPU
		{1430EC3C-43EA-4773-9A4F-34C64ECC2DDA}.Release|Any CPU.Build.0 = Release|Any CPU
	EndGlobalSection
	GlobalSection(SolutionProperties) = preSolution
		HideSolutionNode = FALSE
	EndGlobalSection
	GlobalSection(ExtensibilityGlobals) = postSolution
		SolutionGuid = {826BBC74-FF71-4B36-9FF4-252EA243A3C1}
	EndGlobalSection
EndGlobal
